// !$*UTF8*$!
{
	archiveVersion = 1;
	classes = {
	};
	objectVersion = 56;
	objects = {

/* Begin PBXBuildFile section */
		30598B0D2BB8AF4D00633321 /* weatheriosappApp.swift in Sources */ = {isa = PBXBuildFile; fileRef = 30598B0C2BB8AF4D00633321 /* weatheriosappApp.swift */; };
		30598B0F2BB8AF4D00633321 /* ContentView.swift in Sources */ = {isa = PBXBuildFile; fileRef = 30598B0E2BB8AF4D00633321 /* ContentView.swift */; };
		30598B112BB8AF5000633321 /* Assets.xcassets in Resources */ = {isa = PBXBuildFile; fileRef = 30598B102BB8AF5000633321 /* Assets.xcassets */; };
		30598B142BB8AF5000633321 /* Preview Assets.xcassets in Resources */ = {isa = PBXBuildFile; fileRef = 30598B132BB8AF5000633321 /* Preview Assets.xcassets */; };
		30598B372BB8AFD400633321 /* WeatherButton.swift in Sources */ = {isa = PBXBuildFile; fileRef = 30598B362BB8AFD400633321 /* WeatherButton.swift */; };
/* End PBXBuildFile section */

/* Begin PBXContainerItemProxy section */
		30598B1A2BB8AF5000633321 /* PBXContainerItemProxy */ = {
			isa = PBXContainerItemProxy;
			containerPortal = 30598B012BB8AF4C00633321 /* Project object */;
			proxyType = 1;
			remoteGlobalIDString = 30598B082BB8AF4D00633321;
			remoteInfo = weatheriosapp;
		};
		30598B242BB8AF5100633321 /* PBXContainerItemProxy */ = {
			isa = PBXContainerItemProxy;
			containerPortal = 30598B012BB8AF4C00633321 /* Project object */;
			proxyType = 1;
			remoteGlobalIDString = 30598B082BB8AF4D00633321;
			remoteInfo = weatheriosapp;
		};
/* End PBXContainerItemProxy section */

/* Begin PBXFileReference section */
		30598B092BB8AF4D00633321 /* weatheriosapp.app */ = {isa = PBXFileReference; explicitFileType = wrapper.application; includeInIndex = 0; path = weatheriosapp.app; sourceTree = BUILT_PRODUCTS_DIR; };
		30598B0C2BB8AF4D00633321 /* weatheriosappApp.swift */ = {isa = PBXFileReference; lastKnownFileType = sourcecode.swift; path = weatheriosappApp.swift; sourceTree = "<group>"; };
		30598B0E2BB8AF4D00633321 /* ContentView.swift */ = {isa = PBXFileReference; lastKnownFileType = sourcecode.swift; path = ContentView.swift; sourceTree = "<group>"; };
		30598B102BB8AF5000633321 /* Assets.xcassets */ = {isa = PBXFileReference; lastKnownFileType = folder.assetcatalog; path = Assets.xcassets; sourceTree = "<group>"; };
		30598B132BB8AF5000633321 /* Preview Assets.xcassets */ = {isa = PBXFileReference; lastKnownFileType = folder.assetcatalog; path = "Preview Assets.xcassets"; sourceTree = "<group>"; };
		30598B192BB8AF5000633321 /* weatheriosappTests.xctest */ = {isa = PBXFileReference; explicitFileType = wrapper.cfbundle; includeInIndex = 0; path = weatheriosappTests.xctest; sourceTree = BUILT_PRODUCTS_DIR; };
		30598B232BB8AF5100633321 /* weatheriosappUITests.xctest */ = {isa = PBXFileReference; explicitFileType = wrapper.cfbundle; includeInIndex = 0; path = weatheriosappUITests.xctest; sourceTree = BUILT_PRODUCTS_DIR; };
		30598B362BB8AFD400633321 /* WeatherButton.swift */ = {isa = PBXFileReference; lastKnownFileType = sourcecode.swift; path = WeatherButton.swift; sourceTree = "<group>"; };
/* End PBXFileReference section */

/* Begin PBXFrameworksBuildPhase section */
		30598B062BB8AF4D00633321 /* Frameworks */ = {
			isa = PBXFrameworksBuildPhase;
			buildActionMask = 2147483647;
			files = (
			);
			runOnlyForDeploymentPostprocessing = 0;
		};
		30598B162BB8AF5000633321 /* Frameworks */ = {
			isa = PBXFrameworksBuildPhase;
			buildActionMask = 2147483647;
			files = (
			);
			runOnlyForDeploymentPostprocessing = 0;
		};
		30598B202BB8AF5100633321 /* Frameworks */ = {
			isa = PBXFrameworksBuildPhase;
			buildActionMask = 2147483647;
			files = (
			);
			runOnlyForDeploymentPostprocessing = 0;
		};
/* End PBXFrameworksBuildPhase section */

/* Begin PBXGroup section */
		30598B002BB8AF4C00633321 = {
			isa = PBXGroup;
			children = (
				30598B0B2BB8AF4D00633321 /* weatheriosapp */,
				30598B0A2BB8AF4D00633321 /* Products */,
			);
			sourceTree = "<group>";
		};
		30598B0A2BB8AF4D00633321 /* Products */ = {
			isa = PBXGroup;
			children = (
				30598B092BB8AF4D00633321 /* weatheriosapp.app */,
				30598B192BB8AF5000633321 /* weatheriosappTests.xctest */,
				30598B232BB8AF5100633321 /* weatheriosappUITests.xctest */,
			);
			name = Products;
			sourceTree = "<group>";
		};
		30598B0B2BB8AF4D00633321 /* weatheriosapp */ = {
			isa = PBXGroup;
			children = (
				30598B0C2BB8AF4D00633321 /* weatheriosappApp.swift */,
				30598B0E2BB8AF4D00633321 /* ContentView.swift */,
				30598B362BB8AFD400633321 /* WeatherButton.swift */,
				30598B102BB8AF5000633321 /* Assets.xcassets */,
				30598B122BB8AF5000633321 /* Preview Content */,
			);
			path = weatheriosapp;
			sourceTree = "<group>";
		};
		30598B122BB8AF5000633321 /* Preview Content */ = {
			isa = PBXGroup;
			children = (
				30598B132BB8AF5000633321 /* Preview Assets.xcassets */,
			);
			path = "Preview Content";
			sourceTree = "<group>";
		};
/* End PBXGroup section */

/* Begin PBXNativeTarget section */
		30598B082BB8AF4D00633321 /* weatheriosapp */ = {
			isa = PBXNativeTarget;
			buildConfigurationList = 30598B2D2BB8AF5100633321 /* Build configuration list for PBXNativeTarget "weatheriosapp" */;
			buildPhases = (
				30598B052BB8AF4D00633321 /* Sources */,
				30598B062BB8AF4D00633321 /* Frameworks */,
				30598B072BB8AF4D00633321 /* Resources */,
			);
			buildRules = (
			);
			dependencies = (
			);
			name = weatheriosapp;
			productName = weatheriosapp;
			productReference = 30598B092BB8AF4D00633321 /* weatheriosapp.app */;
			productType = "com.apple.product-type.application";
		};
		30598B182BB8AF5000633321 /* weatheriosappTests */ = {
			isa = PBXNativeTarget;
			buildConfigurationList = 30598B302BB8AF5100633321 /* Build configuration list for PBXNativeTarget "weatheriosappTests" */;
			buildPhases = (
				30598B152BB8AF5000633321 /* Sources */,
				30598B162BB8AF5000633321 /* Frameworks */,
				30598B172BB8AF5000633321 /* Resources */,
			);
			buildRules = (
			);
			dependencies = (
				30598B1B2BB8AF5000633321 /* PBXTargetDependency */,
			);
			name = weatheriosappTests;
			productName = weatheriosappTests;
			productReference = 30598B192BB8AF5000633321 /* weatheriosappTests.xctest */;
			productType = "com.apple.product-type.bundle.unit-test";
		};
		30598B222BB8AF5100633321 /* weatheriosappUITests */ = {
			isa = PBXNativeTarget;
			buildConfigurationList = 30598B332BB8AF5100633321 /* Build configuration list for PBXNativeTarget "weatheriosappUITests" */;
			buildPhases = (
				30598B1F2BB8AF5100633321 /* Sources */,
				30598B202BB8AF5100633321 /* Frameworks */,
				30598B212BB8AF5100633321 /* Resources */,
			);
			buildRules = (
			);
			dependencies = (
				30598B252BB8AF5100633321 /* PBXTargetDependency */,
			);
			name = weatheriosappUITests;
			productName = weatheriosappUITests;
			productReference = 30598B232BB8AF5100633321 /* weatheriosappUITests.xctest */;
			productType = "com.apple.product-type.bundle.ui-testing";
		};
/* End PBXNativeTarget section */

/* Begin PBXProject section */
		30598B012BB8AF4C00633321 /* Project object */ = {
			isa = PBXProject;
			attributes = {
				BuildIndependentTargetsInParallel = 1;
				LastSwiftUpdateCheck = 1530;
				LastUpgradeCheck = 1530;
				TargetAttributes = {
					30598B082BB8AF4D00633321 = {
						CreatedOnToolsVersion = 15.3;
					};
					30598B182BB8AF5000633321 = {
						CreatedOnToolsVersion = 15.3;
						TestTargetID = 30598B082BB8AF4D00633321;
					};
					30598B222BB8AF5100633321 = {
						CreatedOnToolsVersion = 15.3;
						TestTargetID = 30598B082BB8AF4D00633321;
					};
				};
			};
			buildConfigurationList = 30598B042BB8AF4C00633321 /* Build configuration list for PBXProject "weatheriosapp" */;
			compatibilityVersion = "Xcode 14.0";
			developmentRegion = en;
			hasScannedForEncodings = 0;
			knownRegions = (
				en,
				Base,
			);
			mainGroup = 30598B002BB8AF4C00633321;
			productRefGroup = 30598B0A2BB8AF4D00633321 /* Products */;
			projectDirPath = "";
			projectRoot = "";
			targets = (
				30598B082BB8AF4D00633321 /* weatheriosapp */,
				30598B182BB8AF5000633321 /* weatheriosappTests */,
				30598B222BB8AF5100633321 /* weatheriosappUITests */,
			);
		};
/* End PBXProject section */

/* Begin PBXResourcesBuildPhase section */
		30598B072BB8AF4D00633321 /* Resources */ = {
			isa = PBXResourcesBuildPhase;
			buildActionMask = 2147483647;
			files = (
				30598B142BB8AF5000633321 /* Preview Assets.xcassets in Resources */,
				30598B112BB8AF5000633321 /* Assets.xcassets in Resources */,
			);
			runOnlyForDeploymentPostprocessing = 0;
		};
		30598B172BB8AF5000633321 /* Resources */ = {
			isa = PBXResourcesBuildPhase;
			buildActionMask = 2147483647;
			files = (
			);
			runOnlyForDeploymentPostprocessing = 0;
		};
		30598B212BB8AF5100633321 /* Resources */ = {
			isa = PBXResourcesBuildPhase;
			buildActionMask = 2147483647;
			files = (
			);
			runOnlyForDeploymentPostprocessing = 0;
		};
/* End PBXResourcesBuildPhase section */

/* Begin PBXSourcesBuildPhase section */
		30598B052BB8AF4D00633321 /* Sources */ = {
			isa = PBXSourcesBuildPhase;
			buildActionMask = 2147483647;
			files = (
				30598B0F2BB8AF4D00633321 /* ContentView.swift in Sources */,
				30598B0D2BB8AF4D00633321 /* weatheriosappApp.swift in Sources */,
				30598B372BB8AFD400633321 /* WeatherButton.swift in Sources */,
			);
			runOnlyForDeploymentPostprocessing = 0;
		};
		30598B152BB8AF5000633321 /* Sources */ = {
			isa = PBXSourcesBuildPhase;
			buildActionMask = 2147483647;
			files = (
			);
			runOnlyForDeploymentPostprocessing = 0;
		};
		30598B1F2BB8AF5100633321 /* Sources */ = {
			isa = PBXSourcesBuildPhase;
			buildActionMask = 2147483647;
			files = (
			);
			runOnlyForDeploymentPostprocessing = 0;
		};
/* End PBXSourcesBuildPhase section */

/* Begin PBXTargetDependency section */
		30598B1B2BB8AF5000633321 /* PBXTargetDependency */ = {
			isa = PBXTargetDependency;
			target = 30598B082BB8AF4D00633321 /* weatheriosapp */;
			targetProxy = 30598B1A2BB8AF5000633321 /* PBXContainerItemProxy */;
		};
		30598B252BB8AF5100633321 /* PBXTargetDependency */ = {
			isa = PBXTargetDependency;
			target = 30598B082BB8AF4D00633321 /* weatheriosapp */;
			targetProxy = 30598B242BB8AF5100633321 /* PBXContainerItemProxy */;
		};
/* End PBXTargetDependency section */

/* Begin XCBuildConfiguration section */
		30598B2B2BB8AF5100633321 /* Debug */ = {
			isa = XCBuildConfiguration;
			buildSettings = {
				ALWAYS_SEARCH_USER_PATHS = NO;
				ASSETCATALOG_COMPILER_GENERATE_SWIFT_ASSET_SYMBOL_EXTENSIONS = YES;
				CLANG_ANALYZER_NONNULL = YES;
				CLANG_ANALYZER_NUMBER_OBJECT_CONVERSION = YES_AGGRESSIVE;
				CLANG_CXX_LANGUAGE_STANDARD = "gnu++20";
				CLANG_ENABLE_MODULES = YES;
				CLANG_ENABLE_OBJC_ARC = YES;
				CLANG_ENABLE_OBJC_WEAK = YES;
				CLANG_WARN_BLOCK_CAPTURE_AUTORELEASING = YES;
				CLANG_WARN_BOOL_CONVERSION = YES;
				CLANG_WARN_COMMA = YES;
				CLANG_WARN_CONSTANT_CONVERSION = YES;
				CLANG_WARN_DEPRECATED_OBJC_IMPLEMENTATIONS = YES;
				CLANG_WARN_DIRECT_OBJC_ISA_USAGE = YES_ERROR;
				CLANG_WARN_DOCUMENTATION_COMMENTS = YES;
				CLANG_WARN_EMPTY_BODY = YES;
				CLANG_WARN_ENUM_CONVERSION = YES;
				CLANG_WARN_INFINITE_RECURSION = YES;
				CLANG_WARN_INT_CONVERSION = YES;
				CLANG_WARN_NON_LITERAL_NULL_CONVERSION = YES;
				CLANG_WARN_OBJC_IMPLICIT_RETAIN_SELF = YES;
				CLANG_WARN_OBJC_LITERAL_CONVERSION = YES;
				CLANG_WARN_OBJC_ROOT_CLASS = YES_ERROR;
				CLANG_WARN_QUOTED_INCLUDE_IN_FRAMEWORK_HEADER = YES;
				CLANG_WARN_RANGE_LOOP_ANALYSIS = YES;
				CLANG_WARN_STRICT_PROTOTYPES = YES;
				CLANG_WARN_SUSPICIOUS_MOVE = YES;
				CLANG_WARN_UNGUARDED_AVAILABILITY = YES_AGGRESSIVE;
				CLANG_WARN_UNREACHABLE_CODE = YES;
				CLANG_WARN__DUPLICATE_METHOD_MATCH = YES;
				COPY_PHASE_STRIP = NO;
				DEBUG_INFORMATION_FORMAT = dwarf;
				ENABLE_STRICT_OBJC_MSGSEND = YES;
				ENABLE_TESTABILITY = YES;
				ENABLE_USER_SCRIPT_SANDBOXING = YES;
				GCC_C_LANGUAGE_STANDARD = gnu17;
				GCC_DYNAMIC_NO_PIC = NO;
				GCC_NO_COMMON_BLOCKS = YES;
				GCC_OPTIMIZATION_LEVEL = 0;
				GCC_PREPROCESSOR_DEFINITIONS = (
					"DEBUG=1",
					"$(inherited)",
				);
				GCC_WARN_64_TO_32_BIT_CONVERSION = YES;
				GCC_WARN_ABOUT_RETURN_TYPE = YES_ERROR;
				GCC_WARN_UNDECLARED_SELECTOR = YES;
				GCC_WARN_UNINITIALIZED_AUTOS = YES_AGGRESSIVE;
				GCC_WARN_UNUSED_FUNCTION = YES;
				GCC_WARN_UNUSED_VARIABLE = YES;
				IPHONEOS_DEPLOYMENT_TARGET = 17.4;
				LOCALIZATION_PREFERS_STRING_CATALOGS = YES;
				MTL_ENABLE_DEBUG_INFO = INCLUDE_SOURCE;
				MTL_FAST_MATH = YES;
				ONLY_ACTIVE_ARCH = YES;
				SDKROOT = iphoneos;
				SWIFT_ACTIVE_COMPILATION_CONDITIONS = "DEBUG $(inherited)";
				SWIFT_OPTIMIZATION_LEVEL = "-Onone";
			};
			name = Debug;
		};
		30598B2C2BB8AF5100633321 /* Release */ = {
			isa = XCBuildConfiguration;
			buildSettings = {
				ALWAYS_SEARCH_USER_PATHS = NO;
				ASSETCATALOG_COMPILER_GENERATE_SWIFT_ASSET_SYMBOL_EXTENSIONS = YES;
				CLANG_ANALYZER_NONNULL = YES;
				CLANG_ANALYZER_NUMBER_OBJECT_CONVERSION = YES_AGGRESSIVE;
				CLANG_CXX_LANGUAGE_STANDARD = "gnu++20";
				CLANG_ENABLE_MODULES = YES;
				CLANG_ENABLE_OBJC_ARC = YES;
				CLANG_ENABLE_OBJC_WEAK = YES;
				CLANG_WARN_BLOCK_CAPTURE_AUTORELEASING = YES;
				CLANG_WARN_BOOL_CONVERSION = YES;
				CLANG_WARN_COMMA = YES;
				CLANG_WARN_CONSTANT_CONVERSION = YES;
				CLANG_WARN_DEPRECATED_OBJC_IMPLEMENTATIONS = YES;
				CLANG_WARN_DIRECT_OBJC_ISA_USAGE = YES_ERROR;
				CLANG_WARN_DOCUMENTATION_COMMENTS = YES;
				CLANG_WARN_EMPTY_BODY = YES;
				CLANG_WARN_ENUM_CONVERSION = YES;
				CLANG_WARN_INFINITE_RECURSION = YES;
				CLANG_WARN_INT_CONVERSION = YES;
				CLANG_WARN_NON_LITERAL_NULL_CONVERSION = YES;
				CLANG_WARN_OBJC_IMPLICIT_RETAIN_SELF = YES;
				CLANG_WARN_OBJC_LITERAL_CONVERSION = YES;
				CLANG_WARN_OBJC_ROOT_CLASS = YES_ERROR;
				CLANG_WARN_QUOTED_INCLUDE_IN_FRAMEWORK_HEADER = YES;
				CLANG_WARN_RANGE_LOOP_ANALYSIS = YES;
				CLANG_WARN_STRICT_PROTOTYPES = YES;
				CLANG_WARN_SUSPICIOUS_MOVE = YES;
				CLANG_WARN_UNGUARDED_AVAILABILITY = YES_AGGRESSIVE;
				CLANG_WARN_UNREACHABLE_CODE = YES;
				CLANG_WARN__DUPLICATE_METHOD_MATCH = YES;
				COPY_PHASE_STRIP = NO;
				DEBUG_INFORMATION_FORMAT = "dwarf-with-dsym";
				ENABLE_NS_ASSERTIONS = NO;
				ENABLE_STRICT_OBJC_MSGSEND = YES;
				ENABLE_USER_SCRIPT_SANDBOXING = YES;
				GCC_C_LANGUAGE_STANDARD = gnu17;
				GCC_NO_COMMON_BLOCKS = YES;
				GCC_WARN_64_TO_32_BIT_CONVERSION = YES;
				GCC_WARN_ABOUT_RETURN_TYPE = YES_ERROR;
				GCC_WARN_UNDECLARED_SELECTOR = YES;
				GCC_WARN_UNINITIALIZED_AUTOS = YES_AGGRESSIVE;
				GCC_WARN_UNUSED_FUNCTION = YES;
				GCC_WARN_UNUSED_VARIABLE = YES;
				IPHONEOS_DEPLOYMENT_TARGET = 17.4;
				LOCALIZATION_PREFERS_STRING_CATALOGS = YES;
				MTL_ENABLE_DEBUG_INFO = NO;
				MTL_FAST_MATH = YES;
				SDKROOT = iphoneos;
				SWIFT_COMPILATION_MODE = wholemodule;
				VALIDATE_PRODUCT = YES;
			};
			name = Release;
		};
		30598B2E2BB8AF5100633321 /* Debug */ = {
			isa = XCBuildConfiguration;
			buildSettings = {
				ASSETCATALOG_COMPILER_APPICON_NAME = AppIcon;
				ASSETCATALOG_COMPILER_GLOBAL_ACCENT_COLOR_NAME = AccentColor;
				CODE_SIGN_STYLE = Automatic;
				CURRENT_PROJECT_VERSION = 1;
				DEVELOPMENT_ASSET_PATHS = "\"weatheriosapp/Preview Content\"";
				ENABLE_PREVIEWS = YES;
				GENERATE_INFOPLIST_FILE = YES;
				INFOPLIST_KEY_UIApplicationSceneManifest_Generation = YES;
				INFOPLIST_KEY_UIApplicationSupportsIndirectInputEvents = YES;
				INFOPLIST_KEY_UILaunchScreen_Generation = YES;
				INFOPLIST_KEY_UISupportedInterfaceOrientations_iPad = "UIInterfaceOrientationPortrait UIInterfaceOrientationPortraitUpsideDown UIInterfaceOrientationLandscapeLeft UIInterfaceOrientationLandscapeRight";
				INFOPLIST_KEY_UISupportedInterfaceOrientations_iPhone = "UIInterfaceOrientationPortrait UIInterfaceOrientationLandscapeLeft UIInterfaceOrientationLandscapeRight";
				LD_RUNPATH_SEARCH_PATHS = (
					"$(inherited)",
					"@executable_path/Frameworks",
				);
				MARKETING_VERSION = 1.0;
				PRODUCT_BUNDLE_IDENTIFIER = ios.weatheriosapp;
				PRODUCT_NAME = "$(TARGET_NAME)";
				SWIFT_EMIT_LOC_STRINGS = YES;
				SWIFT_VERSION = 5.0;
				TARGETED_DEVICE_FAMILY = "1,2";
			};
			name = Debug;
		};
		30598B2F2BB8AF5100633321 /* Release */ = {
			isa = XCBuildConfiguration;
			buildSettings = {
				ASSETCATALOG_COMPILER_APPICON_NAME = AppIcon;
				ASSETCATALOG_COMPILER_GLOBAL_ACCENT_COLOR_NAME = AccentColor;
				CODE_SIGN_STYLE = Automatic;
				CURRENT_PROJECT_VERSION = 1;
				DEVELOPMENT_ASSET_PATHS = "\"weatheriosapp/Preview Content\"";
				ENABLE_PREVIEWS = YES;
				GENERATE_INFOPLIST_FILE = YES;
				INFOPLIST_KEY_UIApplicationSceneManifest_Generation = YES;
				INFOPLIST_KEY_UIApplicationSupportsIndirectInputEvents = YES;
				INFOPLIST_KEY_UILaunchScreen_Generation = YES;
				INFOPLIST_KEY_UISupportedInterfaceOrientations_iPad = "UIInterfaceOrientationPortrait UIInterfaceOrientationPortraitUpsideDown UIInterfaceOrientationLandscapeLeft UIInterfaceOrientationLandscapeRight";
				INFOPLIST_KEY_UISupportedInterfaceOrientations_iPhone = "UIInterfaceOrientationPortrait UIInterfaceOrientationLandscapeLeft UIInterfaceOrientationLandscapeRight";
				LD_RUNPATH_SEARCH_PATHS = (
					"$(inherited)",
					"@executable_path/Frameworks",
				);
				MARKETING_VERSION = 1.0;
				PRODUCT_BUNDLE_IDENTIFIER = ios.weatheriosapp;
				PRODUCT_NAME = "$(TARGET_NAME)";
				SWIFT_EMIT_LOC_STRINGS = YES;
				SWIFT_VERSION = 5.0;
				TARGETED_DEVICE_FAMILY = "1,2";
			};
			name = Release;
		};
		30598B312BB8AF5100633321 /* Debug */ = {
			isa = XCBuildConfiguration;
			buildSettings = {
				ALWAYS_EMBED_SWIFT_STANDARD_LIBRARIES = YES;
				BUNDLE_LOADER = "$(TEST_HOST)";
				CODE_SIGN_STYLE = Automatic;
				CURRENT_PROJECT_VERSION = 1;
				GENERATE_INFOPLIST_FILE = YES;
				IPHONEOS_DEPLOYMENT_TARGET = 17.4;
				MARKETING_VERSION = 1.0;
				PRODUCT_BUNDLE_IDENTIFIER = ios.weatheriosappTests;
				PRODUCT_NAME = "$(TARGET_NAME)";
				SWIFT_EMIT_LOC_STRINGS = NO;
				SWIFT_VERSION = 5.0;
				TARGETED_DEVICE_FAMILY = "1,2";
				TEST_HOST = "$(BUILT_PRODUCTS_DIR)/weatheriosapp.app/$(BUNDLE_EXECUTABLE_FOLDER_PATH)/weatheriosapp";
			};
			name = Debug;
		};
		30598B322BB8AF5100633321 /* Release */ = {
			isa = XCBuildConfiguration;
			buildSettings = {
				ALWAYS_EMBED_SWIFT_STANDARD_LIBRARIES = YES;
				BUNDLE_LOADER = "$(TEST_HOST)";
				CODE_SIGN_STYLE = Automatic;
				CURRENT_PROJECT_VERSION = 1;
				GENERATE_INFOPLIST_FILE = YES;
				IPHONEOS_DEPLOYMENT_TARGET = 17.4;
				MARKETING_VERSION = 1.0;
				PRODUCT_BUNDLE_IDENTIFIER = ios.weatheriosappTests;
				PRODUCT_NAME = "$(TARGET_NAME)";
				SWIFT_EMIT_LOC_STRINGS = NO;
				SWIFT_VERSION = 5.0;
				TARGETED_DEVICE_FAMILY = "1,2";
				TEST_HOST = "$(BUILT_PRODUCTS_DIR)/weatheriosapp.app/$(BUNDLE_EXECUTABLE_FOLDER_PATH)/weatheriosapp";
			};
			name = Release;
		};
		30598B342BB8AF5100633321 /* Debug */ = {
			isa = XCBuildConfiguration;
			buildSettings = {
				ALWAYS_EMBED_SWIFT_STANDARD_LIBRARIES = YES;
				CODE_SIGN_STYLE = Automatic;
				CURRENT_PROJECT_VERSION = 1;
				GENERATE_INFOPLIST_FILE = YES;
				MARKETING_VERSION = 1.0;
				PRODUCT_BUNDLE_IDENTIFIER = ios.weatheriosappUITests;
				PRODUCT_NAME = "$(TARGET_NAME)";
				SWIFT_EMIT_LOC_STRINGS = NO;
				SWIFT_VERSION = 5.0;
				TARGETED_DEVICE_FAMILY = "1,2";
				TEST_TARGET_NAME = weatheriosapp;
			};
			name = Debug;
		};
		30598B352BB8AF5100633321 /* Release */ = {
			isa = XCBuildConfiguration;
			buildSettings = {
				ALWAYS_EMBED_SWIFT_STANDARD_LIBRARIES = YES;
				CODE_SIGN_STYLE = Automatic;
				CURRENT_PROJECT_VERSION = 1;
				GENERATE_INFOPLIST_FILE = YES;
				MARKETING_VERSION = 1.0;
				PRODUCT_BUNDLE_IDENTIFIER = ios.weatheriosappUITests;
				PRODUCT_NAME = "$(TARGET_NAME)";
				SWIFT_EMIT_LOC_STRINGS = NO;
				SWIFT_VERSION = 5.0;
				TARGETED_DEVICE_FAMILY = "1,2";
				TEST_TARGET_NAME = weatheriosapp;
			};
			name = Release;
		};
/* End XCBuildConfiguration section */

/* Begin XCConfigurationList section */
		30598B042BB8AF4C00633321 /* Build configuration list for PBXProject "weatheriosapp" */ = {
			isa = XCConfigurationList;
			buildConfigurations = (
				30598B2B2BB8AF5100633321 /* Debug */,
				30598B2C2BB8AF5100633321 /* Release */,
			);
			defaultConfigurationIsVisible = 0;
			defaultConfigurationName = Release;
		};
		30598B2D2BB8AF5100633321 /* Build configuration list for PBXNativeTarget "weatheriosapp" */ = {
			isa = XCConfigurationList;
			buildConfigurations = (
				30598B2E2BB8AF5100633321 /* Debug */,
				30598B2F2BB8AF5100633321 /* Release */,
			);
			defaultConfigurationIsVisible = 0;
			defaultConfigurationName = Release;
		};
		30598B302BB8AF5100633321 /* Build configuration list for PBXNativeTarget "weatheriosappTests" */ = {
			isa = XCConfigurationList;
			buildConfigurations = (
				30598B312BB8AF5100633321 /* Debug */,
				30598B322BB8AF5100633321 /* Release */,
			);
			defaultConfigurationIsVisible = 0;
			defaultConfigurationName = Release;
		};
		30598B332BB8AF5100633321 /* Build configuration list for PBXNativeTarget "weatheriosappUITests" */ = {
			isa = XCConfigurationList;
			buildConfigurations = (
				30598B342BB8AF5100633321 /* Debug */,
				30598B352BB8AF5100633321 /* Release */,
			);
			defaultConfigurationIsVisible = 0;
			defaultConfigurationName = Release;
		};
/* End XCConfigurationList section */
	};
	rootObject = 30598B012BB8AF4C00633321 /* Project object */;
}
